
Microsoft Visual Studio Solution File, Format Version 12.00
# Visual Studio Version 16
VisualStudioVersion = 16.0.29318.209
MinimumVisualStudioVersion = 10.0.40219.1
Project("{FAE04EC0-301F-11D3-BF4B-00C04F79EFBC}") = "Soccer", "Soccer\Soccer.csproj", "{8E174717-7F53-4C81-9E45-5035A2A602FB}"
EndProject
Global
	GlobalSection(SolutionConfigurationPlatforms) = preSolution
		Debug|Any CPU = Debug|Any CPU
		Release|Any CPU = Release|Any CPU
	EndGlobalSection
	GlobalSection(ProjectConfigurationPlatforms) = postSolution
		{8E174717-7F53-4C81-9E45-5035A2A602FB}.Debug|Any CPU.ActiveCfg = Debug|Any CPU
		{8E174717-7F53-4C81-9E45-5035A2A602FB}.Debug|Any CPU.Build.0 = Debug|Any CPU
		{8E174717-7F53-4C81-9E45-5035A2A602FB}.Release|Any CPU.ActiveCfg = Release|Any CPU
		{8E174717-7F53-4C81-9E45-5035A2A602FB}.Release|Any CPU.Build.0 = Release|Any CPU
	EndGlobalSection
	GlobalSection(SolutionProperties) = preSolution
		HideSolutionNode = FALSE
	EndGlobalSection
	GlobalSection(ExtensibilityGlobals) = postSolution
		SolutionGuid = {22D01CF7-2FF8-49FD-BE60-549D59F7C781}
	EndGlobalSection
EndGlobal
